// !$*UTF8*$!
{
	archiveVersion = 1;
	classes = {
	};
	objectVersion = 55;
	objects = {

/* Begin PBXBuildFile section */
		4091F2BE279D13F9003A2BBD /* AppDelegate.swift in Sources */ = {isa = PBXBuildFile; fileRef = 4091F2BD279D13F9003A2BBD /* AppDelegate.swift */; };
		4091F2C0279D13F9003A2BBD /* SceneDelegate.swift in Sources */ = {isa = PBXBuildFile; fileRef = 4091F2BF279D13F9003A2BBD /* SceneDelegate.swift */; };
		4091F2C2279D13F9003A2BBD /* ViewController.swift in Sources */ = {isa = PBXBuildFile; fileRef = 4091F2C1279D13F9003A2BBD /* ViewController.swift */; };
		4091F2C5279D13F9003A2BBD /* Main.storyboard in Resources */ = {isa = PBXBuildFile; fileRef = 4091F2C3279D13F9003A2BBD /* Main.storyboard */; };
		4091F2C7279D13FC003A2BBD /* Assets.xcassets in Resources */ = {isa = PBXBuildFile; fileRef = 4091F2C6279D13FC003A2BBD /* Assets.xcassets */; };
		4091F2CA279D13FC003A2BBD /* LaunchScreen.storyboard in Resources */ = {isa = PBXBuildFile; fileRef = 4091F2C8279D13FC003A2BBD /* LaunchScreen.storyboard */; };
		4091F2D5279D13FD003A2BBD /* TipCalcPreWorkTests.swift in Sources */ = {isa = PBXBuildFile; fileRef = 4091F2D4279D13FD003A2BBD /* TipCalcPreWorkTests.swift */; };
		4091F2DF279D13FD003A2BBD /* TipCalcPreWorkUITests.swift in Sources */ = {isa = PBXBuildFile; fileRef = 4091F2DE279D13FD003A2BBD /* TipCalcPreWorkUITests.swift */; };
		4091F2E1279D13FD003A2BBD /* TipCalcPreWorkUITestsLaunchTests.swift in Sources */ = {isa = PBXBuildFile; fileRef = 4091F2E0279D13FD003A2BBD /* TipCalcPreWorkUITestsLaunchTests.swift */; };
/* End PBXBuildFile section */

/* Begin PBXContainerItemProxy section */
		4091F2D1279D13FD003A2BBD /* PBXContainerItemProxy */ = {
			isa = PBXContainerItemProxy;
			containerPortal = 4091F2B2279D13F9003A2BBD /* Project object */;
			proxyType = 1;
			remoteGlobalIDString = 4091F2B9279D13F9003A2BBD;
			remoteInfo = TipCalcPreWork;
		};
		4091F2DB279D13FD003A2BBD /* PBXContainerItemProxy */ = {
			isa = PBXContainerItemProxy;
			containerPortal = 4091F2B2279D13F9003A2BBD /* Project object */;
			proxyType = 1;
			remoteGlobalIDString = 4091F2B9279D13F9003A2BBD;
			remoteInfo = TipCalcPreWork;
		};
/* End PBXContainerItemProxy section */

/* Begin PBXFileReference section */
		4091F2BA279D13F9003A2BBD /* TipCalcPreWork.app */ = {isa = PBXFileReference; explicitFileType = wrapper.application; includeInIndex = 0; path = TipCalcPreWork.app; sourceTree = BUILT_PRODUCTS_DIR; };
		4091F2BD279D13F9003A2BBD /* AppDelegate.swift */ = {isa = PBXFileReference; lastKnownFileType = sourcecode.swift; path = AppDelegate.swift; sourceTree = "<group>"; };
		4091F2BF279D13F9003A2BBD /* SceneDelegate.swift */ = {isa = PBXFileReference; lastKnownFileType = sourcecode.swift; path = SceneDelegate.swift; sourceTree = "<group>"; };
		4091F2C1279D13F9003A2BBD /* ViewController.swift */ = {isa = PBXFileReference; lastKnownFileType = sourcecode.swift; path = ViewController.swift; sourceTree = "<group>"; };
		4091F2C4279D13F9003A2BBD /* Base */ = {isa = PBXFileReference; lastKnownFileType = file.storyboard; name = Base; path = Base.lproj/Main.storyboard; sourceTree = "<group>"; };
		4091F2C6279D13FC003A2BBD /* Assets.xcassets */ = {isa = PBXFileReference; lastKnownFileType = folder.assetcatalog; path = Assets.xcassets; sourceTree = "<group>"; };
		4091F2C9279D13FC003A2BBD /* Base */ = {isa = PBXFileReference; lastKnownFileType = file.storyboard; name = Base; path = Base.lproj/LaunchScreen.storyboard; sourceTree = "<group>"; };
		4091F2CB279D13FC003A2BBD /* Info.plist */ = {isa = PBXFileReference; lastKnownFileType = text.plist.xml; path = Info.plist; sourceTree = "<group>"; };
		4091F2D0279D13FD003A2BBD /* TipCalcPreWorkTests.xctest */ = {isa = PBXFileReference; explicitFileType = wrapper.cfbundle; includeInIndex = 0; path = TipCalcPreWorkTests.xctest; sourceTree = BUILT_PRODUCTS_DIR; };
		4091F2D4279D13FD003A2BBD /* TipCalcPreWorkTests.swift */ = {isa = PBXFileReference; lastKnownFileType = sourcecode.swift; path = TipCalcPreWorkTests.swift; sourceTree = "<group>"; };
		4091F2DA279D13FD003A2BBD /* TipCalcPreWorkUITests.xctest */ = {isa = PBXFileReference; explicitFileType = wrapper.cfbundle; includeInIndex = 0; path = TipCalcPreWorkUITests.xctest; sourceTree = BUILT_PRODUCTS_DIR; };
		4091F2DE279D13FD003A2BBD /* TipCalcPreWorkUITests.swift */ = {isa = PBXFileReference; lastKnownFileType = sourcecode.swift; path = TipCalcPreWorkUITests.swift; sourceTree = "<group>"; };
		4091F2E0279D13FD003A2BBD /* TipCalcPreWorkUITestsLaunchTests.swift */ = {isa = PBXFileReference; lastKnownFileType = sourcecode.swift; path = TipCalcPreWorkUITestsLaunchTests.swift; sourceTree = "<group>"; };
/* End PBXFileReference section */

/* Begin PBXFrameworksBuildPhase section */
		4091F2B7279D13F9003A2BBD /* Frameworks */ = {
			isa = PBXFrameworksBuildPhase;
			buildActionMask = 2147483647;
			files = (
			);
			runOnlyForDeploymentPostprocessing = 0;
		};
		4091F2CD279D13FD003A2BBD /* Frameworks */ = {
			isa = PBXFrameworksBuildPhase;
			buildActionMask = 2147483647;
			files = (
			);
			runOnlyForDeploymentPostprocessing = 0;
		};
		4091F2D7279D13FD003A2BBD /* Frameworks */ = {
			isa = PBXFrameworksBuildPhase;
			buildActionMask = 2147483647;
			files = (
			);
			runOnlyForDeploymentPostprocessing = 0;
		};
/* End PBXFrameworksBuildPhase section */

/* Begin PBXGroup section */
		4091F2B1279D13F9003A2BBD = {
			isa = PBXGroup;
			children = (
				4091F2BC279D13F9003A2BBD /* TipCalcPreWork */,
				4091F2D3279D13FD003A2BBD /* TipCalcPreWorkTests */,
				4091F2DD279D13FD003A2BBD /* TipCalcPreWorkUITests */,
				4091F2BB279D13F9003A2BBD /* Products */,
			);
			sourceTree = "<group>";
		};
		4091F2BB279D13F9003A2BBD /* Products */ = {
			isa = PBXGroup;
			children = (
				4091F2BA279D13F9003A2BBD /* TipCalcPreWork.app */,
				4091F2D0279D13FD003A2BBD /* TipCalcPreWorkTests.xctest */,
				4091F2DA279D13FD003A2BBD /* TipCalcPreWorkUITests.xctest */,
			);
			name = Products;
			sourceTree = "<group>";
		};
		4091F2BC279D13F9003A2BBD /* TipCalcPreWork */ = {
			isa = PBXGroup;
			children = (
				4091F2BD279D13F9003A2BBD /* AppDelegate.swift */,
				4091F2BF279D13F9003A2BBD /* SceneDelegate.swift */,
				4091F2C1279D13F9003A2BBD /* ViewController.swift */,
				4091F2C3279D13F9003A2BBD /* Main.storyboard */,
				4091F2C6279D13FC003A2BBD /* Assets.xcassets */,
				4091F2C8279D13FC003A2BBD /* LaunchScreen.storyboard */,
				4091F2CB279D13FC003A2BBD /* Info.plist */,
			);
			path = TipCalcPreWork;
			sourceTree = "<group>";
		};
		4091F2D3279D13FD003A2BBD /* TipCalcPreWorkTests */ = {
			isa = PBXGroup;
			children = (
				4091F2D4279D13FD003A2BBD /* TipCalcPreWorkTests.swift */,
			);
			path = TipCalcPreWorkTests;
			sourceTree = "<group>";
		};
		4091F2DD279D13FD003A2BBD /* TipCalcPreWorkUITests */ = {
			isa = PBXGroup;
			children = (
				4091F2DE279D13FD003A2BBD /* TipCalcPreWorkUITests.swift */,
				4091F2E0279D13FD003A2BBD /* TipCalcPreWorkUITestsLaunchTests.swift */,
			);
			path = TipCalcPreWorkUITests;
			sourceTree = "<group>";
		};
/* End PBXGroup section */

/* Begin PBXNativeTarget section */
		4091F2B9279D13F9003A2BBD /* TipCalcPreWork */ = {
			isa = PBXNativeTarget;
			buildConfigurationList = 4091F2E4279D13FD003A2BBD /* Build configuration list for PBXNativeTarget "TipCalcPreWork" */;
			buildPhases = (
				4091F2B6279D13F9003A2BBD /* Sources */,
				4091F2B7279D13F9003A2BBD /* Frameworks */,
				4091F2B8279D13F9003A2BBD /* Resources */,
			);
			buildRules = (
			);
			dependencies = (
			);
			name = TipCalcPreWork;
			productName = TipCalcPreWork;
			productReference = 4091F2BA279D13F9003A2BBD /* TipCalcPreWork.app */;
			productType = "com.apple.product-type.application";
		};
		4091F2CF279D13FD003A2BBD /* TipCalcPreWorkTests */ = {
			isa = PBXNativeTarget;
			buildConfigurationList = 4091F2E7279D13FD003A2BBD /* Build configuration list for PBXNativeTarget "TipCalcPreWorkTests" */;
			buildPhases = (
				4091F2CC279D13FD003A2BBD /* Sources */,
				4091F2CD279D13FD003A2BBD /* Frameworks */,
				4091F2CE279D13FD003A2BBD /* Resources */,
			);
			buildRules = (
			);
			dependencies = (
				4091F2D2279D13FD003A2BBD /* PBXTargetDependency */,
			);
			name = TipCalcPreWorkTests;
			productName = TipCalcPreWorkTests;
			productReference = 4091F2D0279D13FD003A2BBD /* TipCalcPreWorkTests.xctest */;
			productType = "com.apple.product-type.bundle.unit-test";
		};
		4091F2D9279D13FD003A2BBD /* TipCalcPreWorkUITests */ = {
			isa = PBXNativeTarget;
			buildConfigurationList = 4091F2EA279D13FD003A2BBD /* Build configuration list for PBXNativeTarget "TipCalcPreWorkUITests" */;
			buildPhases = (
				4091F2D6279D13FD003A2BBD /* Sources */,
				4091F2D7279D13FD003A2BBD /* Frameworks */,
				4091F2D8279D13FD003A2BBD /* Resources */,
			);
			buildRules = (
			);
			dependencies = (
				4091F2DC279D13FD003A2BBD /* PBXTargetDependency */,
			);
			name = TipCalcPreWorkUITests;
			productName = TipCalcPreWorkUITests;
			productReference = 4091F2DA279D13FD003A2BBD /* TipCalcPreWorkUITests.xctest */;
			productType = "com.apple.product-type.bundle.ui-testing";
		};
/* End PBXNativeTarget section */

/* Begin PBXProject section */
		4091F2B2279D13F9003A2BBD /* Project object */ = {
			isa = PBXProject;
			attributes = {
				BuildIndependentTargetsInParallel = 1;
				LastSwiftUpdateCheck = 1320;
				LastUpgradeCheck = 1320;
				TargetAttributes = {
					4091F2B9279D13F9003A2BBD = {
						CreatedOnToolsVersion = 13.2.1;
					};
					4091F2CF279D13FD003A2BBD = {
						CreatedOnToolsVersion = 13.2.1;
						TestTargetID = 4091F2B9279D13F9003A2BBD;
					};
					4091F2D9279D13FD003A2BBD = {
						CreatedOnToolsVersion = 13.2.1;
						TestTargetID = 4091F2B9279D13F9003A2BBD;
					};
				};
			};
			buildConfigurationList = 4091F2B5279D13F9003A2BBD /* Build configuration list for PBXProject "TipCalcPreWork" */;
			compatibilityVersion = "Xcode 13.0";
			developmentRegion = en;
			hasScannedForEncodings = 0;
			knownRegions = (
				en,
				Base,
			);
			mainGroup = 4091F2B1279D13F9003A2BBD;
			productRefGroup = 4091F2BB279D13F9003A2BBD /* Products */;
			projectDirPath = "";
			projectRoot = "";
			targets = (
				4091F2B9279D13F9003A2BBD /* TipCalcPreWork */,
				4091F2CF279D13FD003A2BBD /* TipCalcPreWorkTests */,
				4091F2D9279D13FD003A2BBD /* TipCalcPreWorkUITests */,
			);
		};
/* End PBXProject section */

/* Begin PBXResourcesBuildPhase section */
		4091F2B8279D13F9003A2BBD /* Resources */ = {
			isa = PBXResourcesBuildPhase;
			buildActionMask = 2147483647;
			files = (
				4091F2CA279D13FC003A2BBD /* LaunchScreen.storyboard in Resources */,
				4091F2C7279D13FC003A2BBD /* Assets.xcassets in Resources */,
				4091F2C5279D13F9003A2BBD /* Main.storyboard in Resources */,
			);
			runOnlyForDeploymentPostprocessing = 0;
		};
		4091F2CE279D13FD003A2BBD /* Resources */ = {
			isa = PBXResourcesBuildPhase;
			buildActionMask = 2147483647;
			files = (
			);
			runOnlyForDeploymentPostprocessing = 0;
		};
		4091F2D8279D13FD003A2BBD /* Resources */ = {
			isa = PBXResourcesBuildPhase;
			buildActionMask = 2147483647;
			files = (
			);
			runOnlyForDeploymentPostprocessing = 0;
		};
/* End PBXResourcesBuildPhase section */

/* Begin PBXSourcesBuildPhase section */
		4091F2B6279D13F9003A2BBD /* Sources */ = {
			isa = PBXSourcesBuildPhase;
			buildActionMask = 2147483647;
			files = (
				4091F2C2279D13F9003A2BBD /* ViewController.swift in Sources */,
				4091F2BE279D13F9003A2BBD /* AppDelegate.swift in Sources */,
				4091F2C0279D13F9003A2BBD /* SceneDelegate.swift in Sources */,
			);
			runOnlyForDeploymentPostprocessing = 0;
		};
		4091F2CC279D13FD003A2BBD /* Sources */ = {
			isa = PBXSourcesBuildPhase;
			buildActionMask = 2147483647;
			files = (
				4091F2D5279D13FD003A2BBD /* TipCalcPreWorkTests.swift in Sources */,
			);
			runOnlyForDeploymentPostprocessing = 0;
		};
		4091F2D6279D13FD003A2BBD /* Sources */ = {
			isa = PBXSourcesBuildPhase;
			buildActionMask = 2147483647;
			files = (
				4091F2E1279D13FD003A2BBD /* TipCalcPreWorkUITestsLaunchTests.swift in Sources */,
				4091F2DF279D13FD003A2BBD /* TipCalcPreWorkUITests.swift in Sources */,
			);
			runOnlyForDeploymentPostprocessing = 0;
		};
/* End PBXSourcesBuildPhase section */

/* Begin PBXTargetDependency section */
		4091F2D2279D13FD003A2BBD /* PBXTargetDependency */ = {
			isa = PBXTargetDependency;
			target = 4091F2B9279D13F9003A2BBD /* TipCalcPreWork */;
			targetProxy = 4091F2D1279D13FD003A2BBD /* PBXContainerItemProxy */;
		};
		4091F2DC279D13FD003A2BBD /* PBXTargetDependency */ = {
			isa = PBXTargetDependency;
			target = 4091F2B9279D13F9003A2BBD /* TipCalcPreWork */;
			targetProxy = 4091F2DB279D13FD003A2BBD /* PBXContainerItemProxy */;
		};
/* End PBXTargetDependency section */

/* Begin PBXVariantGroup section */
		4091F2C3279D13F9003A2BBD /* Main.storyboard */ = {
			isa = PBXVariantGroup;
			children = (
				4091F2C4279D13F9003A2BBD /* Base */,
			);
			name = Main.storyboard;
			sourceTree = "<group>";
		};
		4091F2C8279D13FC003A2BBD /* LaunchScreen.storyboard */ = {
			isa = PBXVariantGroup;
			children = (
				4091F2C9279D13FC003A2BBD /* Base */,
			);
			name = LaunchScreen.storyboard;
			sourceTree = "<group>";
		};
/* End PBXVariantGroup section */

/* Begin XCBuildConfiguration section */
		4091F2E2279D13FD003A2BBD /* Debug */ = {
			isa = XCBuildConfiguration;
			buildSettings = {
				ALWAYS_SEARCH_USER_PATHS = NO;
				CLANG_ANALYZER_NONNULL = YES;
				CLANG_ANALYZER_NUMBER_OBJECT_CONVERSION = YES_AGGRESSIVE;
				CLANG_CXX_LANGUAGE_STANDARD = "gnu++17";
				CLANG_CXX_LIBRARY = "libc++";
				CLANG_ENABLE_MODULES = YES;
				CLANG_ENABLE_OBJC_ARC = YES;
				CLANG_ENABLE_OBJC_WEAK = YES;
				CLANG_WARN_BLOCK_CAPTURE_AUTORELEASING = YES;
				CLANG_WARN_BOOL_CONVERSION = YES;
				CLANG_WARN_COMMA = YES;
				CLANG_WARN_CONSTANT_CONVERSION = YES;
				CLANG_WARN_DEPRECATED_OBJC_IMPLEMENTATIONS = YES;
				CLANG_WARN_DIRECT_OBJC_ISA_USAGE = YES_ERROR;
				CLANG_WARN_DOCUMENTATION_COMMENTS = YES;
				CLANG_WARN_EMPTY_BODY = YES;
				CLANG_WARN_ENUM_CONVERSION = YES;
				CLANG_WARN_INFINITE_RECURSION = YES;
				CLANG_WARN_INT_CONVERSION = YES;
				CLANG_WARN_NON_LITERAL_NULL_CONVERSION = YES;
				CLANG_WARN_OBJC_IMPLICIT_RETAIN_SELF = YES;
				CLANG_WARN_OBJC_LITERAL_CONVERSION = YES;
				CLANG_WARN_OBJC_ROOT_CLASS = YES_ERROR;
				CLANG_WARN_QUOTED_INCLUDE_IN_FRAMEWORK_HEADER = YES;
				CLANG_WARN_RANGE_LOOP_ANALYSIS = YES;
				CLANG_WARN_STRICT_PROTOTYPES = YES;
				CLANG_WARN_SUSPICIOUS_MOVE = YES;
				CLANG_WARN_UNGUARDED_AVAILABILITY = YES_AGGRESSIVE;
				CLANG_WARN_UNREACHABLE_CODE = YES;
				CLANG_WARN__DUPLICATE_METHOD_MATCH = YES;
				COPY_PHASE_STRIP = NO;
				DEBUG_INFORMATION_FORMAT = dwarf;
				ENABLE_STRICT_OBJC_MSGSEND = YES;
				ENABLE_TESTABILITY = YES;
				GCC_C_LANGUAGE_STANDARD = gnu11;
				GCC_DYNAMIC_NO_PIC = NO;
				GCC_NO_COMMON_BLOCKS = YES;
				GCC_OPTIMIZATION_LEVEL = 0;
				GCC_PREPROCESSOR_DEFINITIONS = (
					"DEBUG=1",
					"$(inherited)",
				);
				GCC_WARN_64_TO_32_BIT_CONVERSION = YES;
				GCC_WARN_ABOUT_RETURN_TYPE = YES_ERROR;
				GCC_WARN_UNDECLARED_SELECTOR = YES;
				GCC_WARN_UNINITIALIZED_AUTOS = YES_AGGRESSIVE;
				GCC_WARN_UNUSED_FUNCTION = YES;
				GCC_WARN_UNUSED_VARIABLE = YES;
				IPHONEOS_DEPLOYMENT_TARGET = 15.2;
				MTL_ENABLE_DEBUG_INFO = INCLUDE_SOURCE;
				MTL_FAST_MATH = YES;
				ONLY_ACTIVE_ARCH = YES;
				SDKROOT = iphoneos;
				SWIFT_ACTIVE_COMPILATION_CONDITIONS = DEBUG;
				SWIFT_OPTIMIZATION_LEVEL = "-Onone";
			};
			name = Debug;
		};
		4091F2E3279D13FD003A2BBD /* Release */ = {
			isa = XCBuildConfiguration;
			buildSettings = {
				ALWAYS_SEARCH_USER_PATHS = NO;
				CLANG_ANALYZER_NONNULL = YES;
				CLANG_ANALYZER_NUMBER_OBJECT_CONVERSION = YES_AGGRESSIVE;
				CLANG_CXX_LANGUAGE_STANDARD = "gnu++17";
				CLANG_CXX_LIBRARY = "libc++";
				CLANG_ENABLE_MODULES = YES;
				CLANG_ENABLE_OBJC_ARC = YES;
				CLANG_ENABLE_OBJC_WEAK = YES;
				CLANG_WARN_BLOCK_CAPTURE_AUTORELEASING = YES;
				CLANG_WARN_BOOL_CONVERSION = YES;
				CLANG_WARN_COMMA = YES;
				CLANG_WARN_CONSTANT_CONVERSION = YES;
				CLANG_WARN_DEPRECATED_OBJC_IMPLEMENTATIONS = YES;
				CLANG_WARN_DIRECT_OBJC_ISA_USAGE = YES_ERROR;
				CLANG_WARN_DOCUMENTATION_COMMENTS = YES;
				CLANG_WARN_EMPTY_BODY = YES;
				CLANG_WARN_ENUM_CONVERSION = YES;
				CLANG_WARN_INFINITE_RECURSION = YES;
				CLANG_WARN_INT_CONVERSION = YES;
				CLANG_WARN_NON_LITERAL_NULL_CONVERSION = YES;
				CLANG_WARN_OBJC_IMPLICIT_RETAIN_SELF = YES;
				CLANG_WARN_OBJC_LITERAL_CONVERSION = YES;
				CLANG_WARN_OBJC_ROOT_CLASS = YES_ERROR;
				CLANG_WARN_QUOTED_INCLUDE_IN_FRAMEWORK_HEADER = YES;
				CLANG_WARN_RANGE_LOOP_ANALYSIS = YES;
				CLANG_WARN_STRICT_PROTOTYPES = YES;
				CLANG_WARN_SUSPICIOUS_MOVE = YES;
				CLANG_WARN_UNGUARDED_AVAILABILITY = YES_AGGRESSIVE;
				CLANG_WARN_UNREACHABLE_CODE = YES;
				CLANG_WARN__DUPLICATE_METHOD_MATCH = YES;
				COPY_PHASE_STRIP = NO;
				DEBUG_INFORMATION_FORMAT = "dwarf-with-dsym";
				ENABLE_NS_ASSERTIONS = NO;
				ENABLE_STRICT_OBJC_MSGSEND = YES;
				GCC_C_LANGUAGE_STANDARD = gnu11;
				GCC_NO_COMMON_BLOCKS = YES;
				GCC_WARN_64_TO_32_BIT_CONVERSION = YES;
				GCC_WARN_ABOUT_RETURN_TYPE = YES_ERROR;
				GCC_WARN_UNDECLARED_SELECTOR = YES;
				GCC_WARN_UNINITIALIZED_AUTOS = YES_AGGRESSIVE;
				GCC_WARN_UNUSED_FUNCTION = YES;
				GCC_WARN_UNUSED_VARIABLE = YES;
				IPHONEOS_DEPLOYMENT_TARGET = 15.2;
				MTL_ENABLE_DEBUG_INFO = NO;
				MTL_FAST_MATH = YES;
				SDKROOT = iphoneos;
				SWIFT_COMPILATION_MODE = wholemodule;
				SWIFT_OPTIMIZATION_LEVEL = "-O";
				VALIDATE_PRODUCT = YES;
			};
			name = Release;
		};
		4091F2E5279D13FD003A2BBD /* Debug */ = {
			isa = XCBuildConfiguration;
			buildSettings = {
				ASSETCATALOG_COMPILER_APPICON_NAME = AppIcon;
				ASSETCATALOG_COMPILER_GLOBAL_ACCENT_COLOR_NAME = AccentColor;
				CODE_SIGN_STYLE = Automatic;
				CURRENT_PROJECT_VERSION = 1;
				DEVELOPMENT_TEAM = G82MDFHH22;
				GENERATE_INFOPLIST_FILE = YES;
				INFOPLIST_FILE = TipCalcPreWork/Info.plist;
				INFOPLIST_KEY_UIApplicationSupportsIndirectInputEvents = YES;
				INFOPLIST_KEY_UILaunchStoryboardName = LaunchScreen;
				INFOPLIST_KEY_UIMainStoryboardFile = Main;
				INFOPLIST_KEY_UISupportedInterfaceOrientations_iPad = "UIInterfaceOrientationPortrait UIInterfaceOrientationPortraitUpsideDown UIInterfaceOrientationLandscapeLeft UIInterfaceOrientationLandscapeRight";
				INFOPLIST_KEY_UISupportedInterfaceOrientations_iPhone = "UIInterfaceOrientationPortrait UIInterfaceOrientationLandscapeLeft UIInterfaceOrientationLandscapeRight";
				LD_RUNPATH_SEARCH_PATHS = (
					"$(inherited)",
					"@executable_path/Frameworks",
				);
				MARKETING_VERSION = 1.0;
				PRODUCT_BUNDLE_IDENTIFIER = com.Uche.TipCalcPreWork;
				PRODUCT_NAME = "$(TARGET_NAME)";
				SWIFT_EMIT_LOC_STRINGS = YES;
				SWIFT_VERSION = 5.0;
				TARGETED_DEVICE_FAMILY = "1,2";
			};
			name = Debug;
		};
		4091F2E6279D13FD003A2BBD /* Release */ = {
			isa = XCBuildConfiguration;
			buildSettings = {
				ASSETCATALOG_COMPILER_APPICON_NAME = AppIcon;
				ASSETCATALOG_COMPILER_GLOBAL_ACCENT_COLOR_NAME = AccentColor;
				CODE_SIGN_STYLE = Automatic;
				CURRENT_PROJECT_VERSION = 1;
				DEVELOPMENT_TEAM = G82MDFHH22;
				GENERATE_INFOPLIST_FILE = YES;
				INFOPLIST_FILE = TipCalcPreWork/Info.plist;
				INFOPLIST_KEY_UIApplicationSupportsIndirectInputEvents = YES;
				INFOPLIST_KEY_UILaunchStoryboardName = LaunchScreen;
				INFOPLIST_KEY_UIMainStoryboardFile = Main;
				INFOPLIST_KEY_UISupportedInterfaceOrientations_iPad = "UIInterfaceOrientationPortrait UIInterfaceOrientationPortraitUpsideDown UIInterfaceOrientationLandscapeLeft UIInterfaceOrientationLandscapeRight";
				INFOPLIST_KEY_UISupportedInterfaceOrientations_iPhone = "UIInterfaceOrientationPortrait UIInterfaceOrientationLandscapeLeft UIInterfaceOrientationLandscapeRight";
				LD_RUNPATH_SEARCH_PATHS = (
					"$(inherited)",
					"@executable_path/Frameworks",
				);
				MARKETING_VERSION = 1.0;
				PRODUCT_BUNDLE_IDENTIFIER = com.Uche.TipCalcPreWork;
				PRODUCT_NAME = "$(TARGET_NAME)";
				SWIFT_EMIT_LOC_STRINGS = YES;
				SWIFT_VERSION = 5.0;
				TARGETED_DEVICE_FAMILY = "1,2";
			};
			name = Release;
		};
		4091F2E8279D13FD003A2BBD /* Debug */ = {
			isa = XCBuildConfiguration;
			buildSettings = {
				ALWAYS_EMBED_SWIFT_STANDARD_LIBRARIES = YES;
				BUNDLE_LOADER = "$(TEST_HOST)";
				CODE_SIGN_STYLE = Automatic;
				CURRENT_PROJECT_VERSION = 1;
				DEVELOPMENT_TEAM = G82MDFHH22;
				GENERATE_INFOPLIST_FILE = YES;
				IPHONEOS_DEPLOYMENT_TARGET = 15.2;
				MARKETING_VERSION = 1.0;
				PRODUCT_BUNDLE_IDENTIFIER = com.Uche.TipCalcPreWorkTests;
				PRODUCT_NAME = "$(TARGET_NAME)";
				SWIFT_EMIT_LOC_STRINGS = NO;
				SWIFT_VERSION = 5.0;
				TARGETED_DEVICE_FAMILY = "1,2";
				TEST_HOST = "$(BUILT_PRODUCTS_DIR)/TipCalcPreWork.app/TipCalcPreWork";
			};
			name = Debug;
		};
		4091F2E9279D13FD003A2BBD /* Release */ = {
			isa = XCBuildConfiguration;
			buildSettings = {
				ALWAYS_EMBED_SWIFT_STANDARD_LIBRARIES = YES;
				BUNDLE_LOADER = "$(TEST_HOST)";
				CODE_SIGN_STYLE = Automatic;
				CURRENT_PROJECT_VERSION = 1;
				DEVELOPMENT_TEAM = G82MDFHH22;
				GENERATE_INFOPLIST_FILE = YES;
				IPHONEOS_DEPLOYMENT_TARGET = 15.2;
				MARKETING_VERSION = 1.0;
				PRODUCT_BUNDLE_IDENTIFIER = com.Uche.TipCalcPreWorkTests;
				PRODUCT_NAME = "$(TARGET_NAME)";
				SWIFT_EMIT_LOC_STRINGS = NO;
				SWIFT_VERSION = 5.0;
				TARGETED_DEVICE_FAMILY = "1,2";
				TEST_HOST = "$(BUILT_PRODUCTS_DIR)/TipCalcPreWork.app/TipCalcPreWork";
			};
			name = Release;
		};
		4091F2EB279D13FD003A2BBD /* Debug */ = {
			isa = XCBuildConfiguration;
			buildSettings = {
				ALWAYS_EMBED_SWIFT_STANDARD_LIBRARIES = YES;
				CODE_SIGN_STYLE = Automatic;
				CURRENT_PROJECT_VERSION = 1;
				DEVELOPMENT_TEAM = G82MDFHH22;
				GENERATE_INFOPLIST_FILE = YES;
				MARKETING_VERSION = 1.0;
				PRODUCT_BUNDLE_IDENTIFIER = com.Uche.TipCalcPreWorkUITests;
				PRODUCT_NAME = "$(TARGET_NAME)";
				SWIFT_EMIT_LOC_STRINGS = NO;
				SWIFT_VERSION = 5.0;
				TARGETED_DEVICE_FAMILY = "1,2";
				TEST_TARGET_NAME = TipCalcPreWork;
			};
			name = Debug;
		};
		4091F2EC279D13FD003A2BBD /* Release */ = {
			isa = XCBuildConfiguration;
			buildSettings = {
				ALWAYS_EMBED_SWIFT_STANDARD_LIBRARIES = YES;
				CODE_SIGN_STYLE = Automatic;
				CURRENT_PROJECT_VERSION = 1;
				DEVELOPMENT_TEAM = G82MDFHH22;
				GENERATE_INFOPLIST_FILE = YES;
				MARKETING_VERSION = 1.0;
				PRODUCT_BUNDLE_IDENTIFIER = com.Uche.TipCalcPreWorkUITests;
				PRODUCT_NAME = "$(TARGET_NAME)";
				SWIFT_EMIT_LOC_STRINGS = NO;
				SWIFT_VERSION = 5.0;
				TARGETED_DEVICE_FAMILY = "1,2";
				TEST_TARGET_NAME = TipCalcPreWork;
			};
			name = Release;
		};
/* End XCBuildConfiguration section */

/* Begin XCConfigurationList section */
		4091F2B5279D13F9003A2BBD /* Build configuration list for PBXProject "TipCalcPreWork" */ = {
			isa = XCConfigurationList;
			buildConfigurations = (
				4091F2E2279D13FD003A2BBD /* Debug */,
				4091F2E3279D13FD003A2BBD /* Release */,
			);
			defaultConfigurationIsVisible = 0;
			defaultConfigurationName = Release;
		};
		4091F2E4279D13FD003A2BBD /* Build configuration list for PBXNativeTarget "TipCalcPreWork" */ = {
			isa = XCConfigurationList;
			buildConfigurations = (
				4091F2E5279D13FD003A2BBD /* Debug */,
				4091F2E6279D13FD003A2BBD /* Release */,
			);
			defaultConfigurationIsVisible = 0;
			defaultConfigurationName = Release;
		};
		4091F2E7279D13FD003A2BBD /* Build configuration list for PBXNativeTarget "TipCalcPreWorkTests" */ = {
			isa = XCConfigurationList;
			buildConfigurations = (
				4091F2E8279D13FD003A2BBD /* Debug */,
				4091F2E9279D13FD003A2BBD /* Release */,
			);
			defaultConfigurationIsVisible = 0;
			defaultConfigurationName = Release;
		};
		4091F2EA279D13FD003A2BBD /* Build configuration list for PBXNativeTarget "TipCalcPreWorkUITests" */ = {
			isa = XCConfigurationList;
			buildConfigurations = (
				4091F2EB279D13FD003A2BBD /* Debug */,
				4091F2EC279D13FD003A2BBD /* Release */,
			);
			defaultConfigurationIsVisible = 0;
			defaultConfigurationName = Release;
		};
/* End XCConfigurationList section */
	};
	rootObject = 4091F2B2279D13F9003A2BBD /* Project object */;
}
